
Microsoft Visual Studio Solution File, Format Version 12.00
# Visual Studio 15
VisualStudioVersion = 15.0.28010.2046
MinimumVisualStudioVersion = 10.0.40219.1
Project("{FAE04EC0-301F-11D3-BF4B-00C04F79EFBC}") = "UI", "UI\UI.csproj", "{EF32A566-61E1-4CF0-A5D2-EB23935FAA2E}"
EndProject
Project("{FAE04EC0-301F-11D3-BF4B-00C04F79EFBC}") = "TO", "TO\TO.csproj", "{F0DC3DD0-2897-45DF-AF6F-905226AC48AC}"
EndProject
Project("{FAE04EC0-301F-11D3-BF4B-00C04F79EFBC}") = "DAO", "DAO\DAO.csproj", "{81918E8D-46F8-49B7-ABF2-ED657D700AE2}"
EndProject
Project("{FAE04EC0-301F-11D3-BF4B-00C04F79EFBC}") = "BL", "BL\BL.csproj", "{C0550E37-A507-4426-BFD2-FA2739E4A3E5}"
EndProject
Global
	GlobalSection(SolutionConfigurationPlatforms) = preSolution
		Debug|Any CPU = Debug|Any CPU
		Debug|ARM = Debug|ARM
		Debug|x64 = Debug|x64
		Debug|x86 = Debug|x86
		Release|Any CPU = Release|Any CPU
		Release|ARM = Release|ARM
		Release|x64 = Release|x64
		Release|x86 = Release|x86
	EndGlobalSection
	GlobalSection(ProjectConfigurationPlatforms) = postSolution
		{EF32A566-61E1-4CF0-A5D2-EB23935FAA2E}.Debug|Any CPU.ActiveCfg = Debug|Any CPU
		{EF32A566-61E1-4CF0-A5D2-EB23935FAA2E}.Debug|Any CPU.Build.0 = Debug|Any CPU
		{EF32A566-61E1-4CF0-A5D2-EB23935FAA2E}.Debug|ARM.ActiveCfg = Debug|Any CPU
		{EF32A566-61E1-4CF0-A5D2-EB23935FAA2E}.Debug|ARM.Build.0 = Debug|Any CPU
		{EF32A566-61E1-4CF0-A5D2-EB23935FAA2E}.Debug|x64.ActiveCfg = Debug|Any CPU
		{EF32A566-61E1-4CF0-A5D2-EB23935FAA2E}.Debug|x64.Build.0 = Debug|Any CPU
		{EF32A566-61E1-4CF0-A5D2-EB23935FAA2E}.Debug|x86.ActiveCfg = Debug|Any CPU
		{EF32A566-61E1-4CF0-A5D2-EB23935FAA2E}.Debug|x86.Build.0 = Debug|Any CPU
		{EF32A566-61E1-4CF0-A5D2-EB23935FAA2E}.Release|Any CPU.ActiveCfg = Release|Any CPU
		{EF32A566-61E1-4CF0-A5D2-EB23935FAA2E}.Release|Any CPU.Build.0 = Release|Any CPU
		{EF32A566-61E1-4CF0-A5D2-EB23935FAA2E}.Release|ARM.ActiveCfg = Release|Any CPU
		{EF32A566-61E1-4CF0-A5D2-EB23935FAA2E}.Release|ARM.Build.0 = Release|Any CPU
		{EF32A566-61E1-4CF0-A5D2-EB23935FAA2E}.Release|x64.ActiveCfg = Release|Any CPU
		{EF32A566-61E1-4CF0-A5D2-EB23935FAA2E}.Release|x64.Build.0 = Release|Any CPU
		{EF32A566-61E1-4CF0-A5D2-EB23935FAA2E}.Release|x86.ActiveCfg = Release|Any CPU
		{EF32A566-61E1-4CF0-A5D2-EB23935FAA2E}.Release|x86.Build.0 = Release|Any CPU
		{F0DC3DD0-2897-45DF-AF6F-905226AC48AC}.Debug|Any CPU.ActiveCfg = Debug|Any CPU
		{F0DC3DD0-2897-45DF-AF6F-905226AC48AC}.Debug|Any CPU.Build.0 = Debug|Any CPU
		{F0DC3DD0-2897-45DF-AF6F-905226AC48AC}.Debug|ARM.ActiveCfg = Debug|Any CPU
		{F0DC3DD0-2897-45DF-AF6F-905226AC48AC}.Debug|ARM.Build.0 = Debug|Any CPU
		{F0DC3DD0-2897-45DF-AF6F-905226AC48AC}.Debug|x64.ActiveCfg = Debug|Any CPU
		{F0DC3DD0-2897-45DF-AF6F-905226AC48AC}.Debug|x64.Build.0 = Debug|Any CPU
		{F0DC3DD0-2897-45DF-AF6F-905226AC48AC}.Debug|x86.ActiveCfg = Debug|Any CPU
		{F0DC3DD0-2897-45DF-AF6F-905226AC48AC}.Debug|x86.Build.0 = Debug|Any CPU
		{F0DC3DD0-2897-45DF-AF6F-905226AC48AC}.Release|Any CPU.ActiveCfg = Release|Any CPU
		{F0DC3DD0-2897-45DF-AF6F-905226AC48AC}.Release|Any CPU.Build.0 = Release|Any CPU
		{F0DC3DD0-2897-45DF-AF6F-905226AC48AC}.Release|ARM.ActiveCfg = Release|Any CPU
		{F0DC3DD0-2897-45DF-AF6F-905226AC48AC}.Release|ARM.Build.0 = Release|Any CPU
		{F0DC3DD0-2897-45DF-AF6F-905226AC48AC}.Release|x64.ActiveCfg = Release|Any CPU
		{F0DC3DD0-2897-45DF-AF6F-905226AC48AC}.Release|x64.Build.0 = Release|Any CPU
		{F0DC3DD0-2897-45DF-AF6F-905226AC48AC}.Release|x86.ActiveCfg = Release|Any CPU
		{F0DC3DD0-2897-45DF-AF6F-905226AC48AC}.Release|x86.Build.0 = Release|Any CPU
		{81918E8D-46F8-49B7-ABF2-ED657D700AE2}.Debug|Any CPU.ActiveCfg = Debug|Any CPU
		{81918E8D-46F8-49B7-ABF2-ED657D700AE2}.Debug|Any CPU.Build.0 = Debug|Any CPU
		{81918E8D-46F8-49B7-ABF2-ED657D700AE2}.Debug|ARM.ActiveCfg = Debug|Any CPU
		{81918E8D-46F8-49B7-ABF2-ED657D700AE2}.Debug|ARM.Build.0 = Debug|Any CPU
		{81918E8D-46F8-49B7-ABF2-ED657D700AE2}.Debug|x64.ActiveCfg = Debug|Any CPU
		{81918E8D-46F8-49B7-ABF2-ED657D700AE2}.Debug|x64.Build.0 = Debug|Any CPU
		{81918E8D-46F8-49B7-ABF2-ED657D700AE2}.Debug|x86.ActiveCfg = Debug|Any CPU
		{81918E8D-46F8-49B7-ABF2-ED657D700AE2}.Debug|x86.Build.0 = Debug|Any CPU
		{81918E8D-46F8-49B7-ABF2-ED657D700AE2}.Release|Any CPU.ActiveCfg = Release|Any CPU
		{81918E8D-46F8-49B7-ABF2-ED657D700AE2}.Release|Any CPU.Build.0 = Release|Any CPU
		{81918E8D-46F8-49B7-ABF2-ED657D700AE2}.Release|ARM.ActiveCfg = Release|Any CPU
		{81918E8D-46F8-49B7-ABF2-ED657D700AE2}.Release|ARM.Build.0 = Release|Any CPU
		{81918E8D-46F8-49B7-ABF2-ED657D700AE2}.Release|x64.ActiveCfg = Release|Any CPU
		{81918E8D-46F8-49B7-ABF2-ED657D700AE2}.Release|x64.Build.0 = Release|Any CPU
		{81918E8D-46F8-49B7-ABF2-ED657D700AE2}.Release|x86.ActiveCfg = Release|Any CPU
		{81918E8D-46F8-49B7-ABF2-ED657D700AE2}.Release|x86.Build.0 = Release|Any CPU
		{C0550E37-A507-4426-BFD2-FA2739E4A3E5}.Debug|Any CPU.ActiveCfg = Debug|Any CPU
		{C0550E37-A507-4426-BFD2-FA2739E4A3E5}.Debug|Any CPU.Build.0 = Debug|Any CPU
		{C0550E37-A507-4426-BFD2-FA2739E4A3E5}.Debug|ARM.ActiveCfg = Debug|Any CPU
		{C0550E37-A507-4426-BFD2-FA2739E4A3E5}.Debug|ARM.Build.0 = Debug|Any CPU
		{C0550E37-A507-4426-BFD2-FA2739E4A3E5}.Debug|x64.ActiveCfg = Debug|Any CPU
		{C0550E37-A507-4426-BFD2-FA2739E4A3E5}.Debug|x64.Build.0 = Debug|Any CPU
		{C0550E37-A507-4426-BFD2-FA2739E4A3E5}.Debug|x86.ActiveCfg = Debug|Any CPU
		{C0550E37-A507-4426-BFD2-FA2739E4A3E5}.Debug|x86.Build.0 = Debug|Any CPU
		{C0550E37-A507-4426-BFD2-FA2739E4A3E5}.Release|Any CPU.ActiveCfg = Release|Any CPU
		{C0550E37-A507-4426-BFD2-FA2739E4A3E5}.Release|Any CPU.Build.0 = Release|Any CPU
		{C0550E37-A507-4426-BFD2-FA2739E4A3E5}.Release|ARM.ActiveCfg = Release|Any CPU
		{C0550E37-A507-4426-BFD2-FA2739E4A3E5}.Release|ARM.Build.0 = Release|Any CPU
		{C0550E37-A507-4426-BFD2-FA2739E4A3E5}.Release|x64.ActiveCfg = Release|Any CPU
		{C0550E37-A507-4426-BFD2-FA2739E4A3E5}.Release|x64.Build.0 = Release|Any CPU
		{C0550E37-A507-4426-BFD2-FA2739E4A3E5}.Release|x86.ActiveCfg = Release|Any CPU
		{C0550E37-A507-4426-BFD2-FA2739E4A3E5}.Release|x86.Build.0 = Release|Any CPU
	EndGlobalSection
	GlobalSection(SolutionProperties) = preSolution
		HideSolutionNode = FALSE
	EndGlobalSection
	GlobalSection(ExtensibilityGlobals) = postSolution
		SolutionGuid = {CCDE937E-93D2-485B-B3E5-9F843C31395E}
	EndGlobalSection
EndGlobal
